Microsoft Visual Studio Solution File, Format Version 11.00
# Visual Studio 2008

Project("{90B841E5-E01E-5A95-6AD0-6DA86F3EA893}") = "CookingWithUnity2D131212", "Assembly-CSharp.csproj", "{635F24B2-7B0D-2657-3BA3-BCB4F264849B}"
EndProject
Project("{90B841E5-E01E-5A95-6AD0-6DA86F3EA893}") = "CookingWithUnity2D131212", "Assembly-UnityScript-firstpass.unityproj", "{3EAFF04F-FDD6-772A-872A-65DE46C485CF}"
EndProject
Global
	GlobalSection(SolutionConfigurationPlatforms) = preSolution
		Debug|Any CPU = Debug|Any CPU
		Release|Any CPU = Release|Any CPU
	EndGlobalSection
	GlobalSection(ProjectConfigurationPlatforms) = postSolution
		{635F24B2-7B0D-2657-3BA3-BCB4F264849B}.Debug|Any CPU.ActiveCfg = Debug|Any CPU
		{635F24B2-7B0D-2657-3BA3-BCB4F264849B}.Debug|Any CPU.Build.0 = Debug|Any CPU
		{635F24B2-7B0D-2657-3BA3-BCB4F264849B}.Release|Any CPU.ActiveCfg = Release|Any CPU
		{635F24B2-7B0D-2657-3BA3-BCB4F264849B}.Release|Any CPU.Build.0 = Release|Any CPU
		{3EAFF04F-FDD6-772A-872A-65DE46C485CF}.Debug|Any CPU.ActiveCfg = Debug|Any CPU
		{3EAFF04F-FDD6-772A-872A-65DE46C485CF}.Debug|Any CPU.Build.0 = Debug|Any CPU
		{3EAFF04F-FDD6-772A-872A-65DE46C485CF}.Release|Any CPU.ActiveCfg = Release|Any CPU
		{3EAFF04F-FDD6-772A-872A-65DE46C485CF}.Release|Any CPU.Build.0 = Release|Any CPU
	EndGlobalSection
	GlobalSection(SolutionProperties) = preSolution
		HideSolutionNode = FALSE
	EndGlobalSection
						GlobalSection(MonoDevelopProperties) = preSolution
		StartupItem = Assembly-CSharp.csproj
		Policies = $0
		$0.TextStylePolicy = $1
		$1.inheritsSet = null
		$1.scope = text/x-csharp
		$0.CSharpFormattingPolicy = $2
		$2.inheritsSet = Mono
		$2.inheritsScope = text/x-csharp
		$2.scope = text/x-csharp
		$0.TextStylePolicy = $3
		$3.FileWidth = 120
		$3.TabWidth = 4
		$3.EolMarker = Unix
		$3.inheritsSet = Mono
		$3.inheritsScope = text/plain
		$3.scope = text/plain
	EndGlobalSection

EndGlobal
